
Microsoft Visual Studio Solution File, Format Version 12.00
# Visual Studio Version 16
VisualStudioVersion = 16.0.32428.217
MinimumVisualStudioVersion = 10.0.40219.1
Project("{FAE04EC0-301F-11D3-BF4B-00C04F79EFBC}") = "Base de datos bs_subastas", "Base de datos bs_subastas\Base de datos bs_subastas.csproj", "{2AC8A6C2-C3BD-4E1E-8A8C-500E2179139F}"
EndProject
Global
	GlobalSection(SolutionConfigurationPlatforms) = preSolution
		Debug|Any CPU = Debug|Any CPU
		Release|Any CPU = Release|Any CPU
	EndGlobalSection
	GlobalSection(ProjectConfigurationPlatforms) = postSolution
		{2AC8A6C2-C3BD-4E1E-8A8C-500E2179139F}.Debug|Any CPU.ActiveCfg = Debug|Any CPU
		{2AC8A6C2-C3BD-4E1E-8A8C-500E2179139F}.Debug|Any CPU.Build.0 = Debug|Any CPU
		{2AC8A6C2-C3BD-4E1E-8A8C-500E2179139F}.Release|Any CPU.ActiveCfg = Release|Any CPU
		{2AC8A6C2-C3BD-4E1E-8A8C-500E2179139F}.Release|Any CPU.Build.0 = Release|Any CPU
	EndGlobalSection
	GlobalSection(SolutionProperties) = preSolution
		HideSolutionNode = FALSE
	EndGlobalSection
	GlobalSection(ExtensibilityGlobals) = postSolution
		SolutionGuid = {0DFC30F8-531D-4138-A96A-6FF60E145ACD}
	EndGlobalSection
EndGlobal
